
Microsoft Visual Studio Solution File, Format Version 12.00
# Visual Studio Version 16
VisualStudioVersion = 16.0.30002.166
MinimumVisualStudioVersion = 10.0.40219.1
Project("{FAE04EC0-301F-11D3-BF4B-00C04F79EFBC}") = "GraphColoringProblem", "GraphColoringProblem\GraphColoringProblem.csproj", "{599F8BC2-38BB-4CFB-A3E1-E015851A9334}"
EndProject
Global
	GlobalSection(SolutionConfigurationPlatforms) = preSolution
		Debug|Any CPU = Debug|Any CPU
		Release|Any CPU = Release|Any CPU
	EndGlobalSection
	GlobalSection(ProjectConfigurationPlatforms) = postSolution
		{599F8BC2-38BB-4CFB-A3E1-E015851A9334}.Debug|Any CPU.ActiveCfg = Debug|Any CPU
		{599F8BC2-38BB-4CFB-A3E1-E015851A9334}.Debug|Any CPU.Build.0 = Debug|Any CPU
		{599F8BC2-38BB-4CFB-A3E1-E015851A9334}.Release|Any CPU.ActiveCfg = Release|Any CPU
		{599F8BC2-38BB-4CFB-A3E1-E015851A9334}.Release|Any CPU.Build.0 = Release|Any CPU
	EndGlobalSection
	GlobalSection(SolutionProperties) = preSolution
		HideSolutionNode = FALSE
	EndGlobalSection
	GlobalSection(ExtensibilityGlobals) = postSolution
		SolutionGuid = {5DFA24EB-BF0A-4AF8-BCBA-7CAB9299A7AC}
	EndGlobalSection
EndGlobal
