
Microsoft Visual Studio Solution File, Format Version 12.00
# Visual Studio Version 16
VisualStudioVersion = 16.0.30002.166
MinimumVisualStudioVersion = 10.0.40219.1
Project("{FAE04EC0-301F-11D3-BF4B-00C04F79EFBC}") = "Eulerian", "Eulerian\Eulerian.csproj", "{B54D8F74-9DAA-4074-89D6-EDC298F4A9F8}"
EndProject
Global
	GlobalSection(SolutionConfigurationPlatforms) = preSolution
		Debug|Any CPU = Debug|Any CPU
		Release|Any CPU = Release|Any CPU
	EndGlobalSection
	GlobalSection(ProjectConfigurationPlatforms) = postSolution
		{B54D8F74-9DAA-4074-89D6-EDC298F4A9F8}.Debug|Any CPU.ActiveCfg = Debug|Any CPU
		{B54D8F74-9DAA-4074-89D6-EDC298F4A9F8}.Debug|Any CPU.Build.0 = Debug|Any CPU
		{B54D8F74-9DAA-4074-89D6-EDC298F4A9F8}.Release|Any CPU.ActiveCfg = Release|Any CPU
		{B54D8F74-9DAA-4074-89D6-EDC298F4A9F8}.Release|Any CPU.Build.0 = Release|Any CPU
	EndGlobalSection
	GlobalSection(SolutionProperties) = preSolution
		HideSolutionNode = FALSE
	EndGlobalSection
	GlobalSection(ExtensibilityGlobals) = postSolution
		SolutionGuid = {1CFA4D77-62B2-493B-9196-26FCBFAC7802}
	EndGlobalSection
EndGlobal
