
Microsoft Visual Studio Solution File, Format Version 12.00
# Visual Studio Version 16
VisualStudioVersion = 16.0.30002.166
MinimumVisualStudioVersion = 10.0.40219.1
Project("{FAE04EC0-301F-11D3-BF4B-00C04F79EFBC}") = "Problem1", "Problem1\Problem1.csproj", "{9811EE4E-9FA5-4C4E-BCC2-F372FAD9539D}"
EndProject
Global
	GlobalSection(SolutionConfigurationPlatforms) = preSolution
		Debug|Any CPU = Debug|Any CPU
		Release|Any CPU = Release|Any CPU
	EndGlobalSection
	GlobalSection(ProjectConfigurationPlatforms) = postSolution
		{9811EE4E-9FA5-4C4E-BCC2-F372FAD9539D}.Debug|Any CPU.ActiveCfg = Debug|Any CPU
		{9811EE4E-9FA5-4C4E-BCC2-F372FAD9539D}.Debug|Any CPU.Build.0 = Debug|Any CPU
		{9811EE4E-9FA5-4C4E-BCC2-F372FAD9539D}.Release|Any CPU.ActiveCfg = Release|Any CPU
		{9811EE4E-9FA5-4C4E-BCC2-F372FAD9539D}.Release|Any CPU.Build.0 = Release|Any CPU
	EndGlobalSection
	GlobalSection(SolutionProperties) = preSolution
		HideSolutionNode = FALSE
	EndGlobalSection
	GlobalSection(ExtensibilityGlobals) = postSolution
		SolutionGuid = {11521B6A-F055-490D-AB2A-A6791CFE8D3E}
	EndGlobalSection
EndGlobal
